{
	"name": "@the-goat/goat",
	"version": "1.13.5",
	"lockfileVersion": 1,
	"requires": true,
	"dependencies": {
		"@types/json-schema": {
			"version": "7.0.7",
			"resolved": "https://registry.npmjs.org/@types/json-schema/-/json-schema-7.0.7.tgz",
			"integrity": "sha512-cxWFQVseBm6O9Gbw1IWb8r6OS4OhSt3hPZLkFApLjM8TEXROBuQGLAH2i2gZpcXdLBIrpXuTDhH7Vbm1iXmNGA==",
			"dev": true
		},
		"@types/lodash": {
			"version": "4.14.168",
			"resolved": "https://registry.npmjs.org/@types/lodash/-/lodash-4.14.168.tgz",
			"integrity": "sha512-oVfRvqHV/V6D1yifJbVRU3TMp8OT6o6BG+U9MkwuJ3U8/CsDHvalRpsxBqivn71ztOFZBTfJMvETbqHiaNSj7Q==",
			"dev": true
		},
		"@types/semver": {
			"version": "7.3.5",
			"resolved": "https://registry.npmjs.org/@types/semver/-/semver-7.3.5.tgz",
			"integrity": "sha512-iotVxtCCsPLRAvxMFFgxL8HD2l4mAZ2Oin7/VJ2ooWO0VOK4EGOGmZWZn1uCq7RofR3I/1IOSjCHlFT71eVK0Q==",
			"dev": true
		},
		"anymatch": {
			"version": "3.1.2",
			"resolved": "https://registry.npmjs.org/anymatch/-/anymatch-3.1.2.tgz",
			"integrity": "sha512-P43ePfOAIupkguHUycrc4qJ9kz8ZiuOUijaETwX7THt0Y/GNK7v0aa8rY816xWjZ7rJdA5XdMcpVFTKMq+RvWg==",
			"requires": {
				"normalize-path": "^3.0.0",
				"picomatch": "^2.0.4"
			}
		},
		"argparse": {
			"version": "1.0.10",
			"resolved": "https://registry.npmjs.org/argparse/-/argparse-1.0.10.tgz",
			"integrity": "sha512-o5Roy6tNG4SL/FOkCAN6RzjiakZS25RLYFrcMttJqbdd8BWrnA+fGz57iN5Pb06pvBGvl5gQ0B48dJlslXvoTg==",
			"requires": {
				"sprintf-js": "~1.0.2"
			}
		},
		"balanced-match": {
			"version": "1.0.2",
			"resolved": "https://registry.npmjs.org/balanced-match/-/balanced-match-1.0.2.tgz",
			"integrity": "sha512-3oSeUO0TMV67hN1AmbXsK4yaqU7tjiHlbxRDZOpH0KW9+CeX4bRAaX0Anxt0tx2MrpRpWwQaPwIlISEJhYU5Pw=="
		},
		"binary-extensions": {
			"version": "2.2.0",
			"resolved": "https://registry.npmjs.org/binary-extensions/-/binary-extensions-2.2.0.tgz",
			"integrity": "sha512-jDctJ/IVQbZoJykoeHbhXpOlNBqGNcwXJKJog42E5HDPUwQTSdjCHdihjj0DlnheQ7blbT6dHOafNAiS8ooQKA=="
		},
		"brace-expansion": {
			"version": "1.1.11",
			"resolved": "https://registry.npmjs.org/brace-expansion/-/brace-expansion-1.1.11.tgz",
			"integrity": "sha512-iCuPHDFgrHX7H2vEI/5xpz07zSHB00TpugqhmYtVmMO6518mCuRMoOYFldEBl0g187ufozdaHgWKcYFb61qGiA==",
			"requires": {
				"balanced-match": "^1.0.0",
				"concat-map": "0.0.1"
			}
		},
		"braces": {
			"version": "3.0.2",
			"resolved": "https://registry.npmjs.org/braces/-/braces-3.0.2.tgz",
			"integrity": "sha512-b8um+L1RzM3WDSzvhm6gIz1yfTbBt6YTlcEKAvsmqCZZFw46z626lVj9j1yEPW33H5H+lBQpZMP1k8l+78Ha0A==",
			"requires": {
				"fill-range": "^7.0.1"
			}
		},
		"chokidar": {
			"version": "3.5.1",
			"resolved": "https://registry.npmjs.org/chokidar/-/chokidar-3.5.1.tgz",
			"integrity": "sha512-9+s+Od+W0VJJzawDma/gvBNQqkTiqYTWLuZoyAsivsI4AaWTCzHG06/TMjsf1cYe9Cb97UCEhjz7HvnPk2p/tw==",
			"requires": {
				"anymatch": "~3.1.1",
				"braces": "~3.0.2",
				"fsevents": "~2.3.1",
				"glob-parent": "~5.1.0",
				"is-binary-path": "~2.1.0",
				"is-glob": "~4.0.1",
				"normalize-path": "~3.0.0",
				"readdirp": "~3.5.0"
			}
		},
		"commander": {
			"version": "7.2.0",
			"resolved": "https://registry.npmjs.org/commander/-/commander-7.2.0.tgz",
			"integrity": "sha512-QrWXB+ZQSVPmIWIhtEO9H+gwHaMGYiF5ChvoJ+K9ZGHG/sVsa6yiesAD1GC/x46sET00Xlwo1u49RVVVzvcSkw=="
		},
		"concat-map": {
			"version": "0.0.1",
			"resolved": "https://registry.npmjs.org/concat-map/-/concat-map-0.0.1.tgz",
			"integrity": "sha1-2Klr13/Wjfd5OnMDajug1UBdR3s="
		},
		"fill-range": {
			"version": "7.0.1",
			"resolved": "https://registry.npmjs.org/fill-range/-/fill-range-7.0.1.tgz",
			"integrity": "sha512-qOo9F+dMUmC2Lcb4BbVvnKJxTPjCm+RRpe4gDuGrzkL7mEVl/djYSu2OdQ2Pa302N4oqkSg9ir6jaLWJ2USVpQ==",
			"requires": {
				"to-regex-range": "^5.0.1"
			}
		},
		"fsevents": {
			"version": "2.3.2",
			"resolved": "https://registry.npmjs.org/fsevents/-/fsevents-2.3.2.tgz",
			"integrity": "sha512-xiqMQR4xAeHTuB9uWm+fFRcIOgKBMiOBP+eXiyT7jsgVCq1bkVygt00oASowB7EdtpOHaaPgKt812P9ab+DDKA==",
			"optional": true
		},
		"glob-parent": {
			"version": "5.1.2",
			"resolved": "https://registry.npmjs.org/glob-parent/-/glob-parent-5.1.2.tgz",
			"integrity": "sha512-AOIgSQCepiJYwP3ARnGx+5VnTu2HBYdzbGP45eLw1vr3zB3vZLeyed1sC9hnbcOc9/SrMyM5RPQrkGz4aS9Zow==",
			"requires": {
				"is-glob": "^4.0.1"
			}
		},
		"is-binary-path": {
			"version": "2.1.0",
			"resolved": "https://registry.npmjs.org/is-binary-path/-/is-binary-path-2.1.0.tgz",
			"integrity": "sha512-ZMERYes6pDydyuGidse7OsHxtbI7WVeUEozgR/g7rd0xUimYNlvZRE/K2MgZTjWy725IfelLeVcEM97mmtRGXw==",
			"requires": {
				"binary-extensions": "^2.0.0"
			}
		},
		"is-extglob": {
			"version": "2.1.1",
			"resolved": "https://registry.npmjs.org/is-extglob/-/is-extglob-2.1.1.tgz",
			"integrity": "sha1-qIwCU1eR8C7TfHahueqXc8gz+MI="
		},
		"is-glob": {
			"version": "4.0.1",
			"resolved": "https://registry.npmjs.org/is-glob/-/is-glob-4.0.1.tgz",
			"integrity": "sha512-5G0tKtBTFImOqDnLB2hG6Bp2qcKEFduo4tZu9MT/H6NQv/ghhy30o55ufafxJ/LdH79LLs2Kfrn85TLKyA7BUg==",
			"requires": {
				"is-extglob": "^2.1.1"
			}
		},
		"is-number": {
			"version": "7.0.0",
			"resolved": "https://registry.npmjs.org/is-number/-/is-number-7.0.0.tgz",
			"integrity": "sha512-41Cifkg6e8TylSpdtTpeLVMqvSBEVzTttHvERD741+pnZ8ANv0004MRL43QKPDlK9cGvNp6NZWZUBlbGXYxxng=="
		},
		"json-schema": {
			"version": "0.3.0",
			"resolved": "https://registry.npmjs.org/json-schema/-/json-schema-0.3.0.tgz",
			"integrity": "sha512-TYfxx36xfl52Rf1LU9HyWSLGPdYLL+SQ8/E/0yVyKG8wCCDaSrhPap0vEdlsZWRaS6tnKKLPGiEJGiREVC8kxQ=="
		},
		"json-schema-defaults": {
			"version": "0.4.0",
			"resolved": "https://registry.npmjs.org/json-schema-defaults/-/json-schema-defaults-0.4.0.tgz",
			"integrity": "sha512-UsUrkDVNvHTneyeQOYHH9ZHb3+6OjwYfJ831SdO0yjtXtYZ7Jh8BKWsuJYUQW7qckP5JhHawsg4GI6A5fMaR/Q==",
			"requires": {
				"argparse": "^1.0.9"
			}
		},
		"jsonschema": {
			"version": "1.4.0",
			"resolved": "https://registry.npmjs.org/jsonschema/-/jsonschema-1.4.0.tgz",
			"integrity": "sha512-/YgW6pRMr6M7C+4o8kS+B/2myEpHCrxO4PEWnqJNBFMjn7EWXqlQ4tGwL6xTHeRplwuZmcAncdvfOad1nT2yMw=="
		},
		"lodash": {
			"version": "4.17.21",
			"resolved": "https://registry.npmjs.org/lodash/-/lodash-4.17.21.tgz",
			"integrity": "sha512-v2kDEe57lecTulaDIuNTPy3Ry4gLGJ6Z1O3vE1krgXZNrsQ+LFTGHVxVjcXPs17LhbZVGedAJv8XZ1tvj5FvSg=="
		},
		"minimatch": {
			"version": "3.0.4",
			"resolved": "https://registry.npmjs.org/minimatch/-/minimatch-3.0.4.tgz",
			"integrity": "sha512-yJHVQEhyqPLUTgt9B83PXu6W3rx4MvvHvSUvToogpwoGDOUQ+yDrR0HRot+yOCdCO7u4hX3pWft6kWBBcqh0UA==",
			"requires": {
				"brace-expansion": "^1.1.7"
			}
		},
		"normalize-path": {
			"version": "3.0.0",
			"resolved": "https://registry.npmjs.org/normalize-path/-/normalize-path-3.0.0.tgz",
			"integrity": "sha512-6eZs5Ls3WtCisHWp9S2GUy8dqkpGi4BVSz3GaqiE6ezub0512ESztXUwUB6C6IKbQkY2Pnb/mD4WYojCRwcwLA=="
		},
		"picomatch": {
			"version": "2.2.3",
			"resolved": "https://registry.npmjs.org/picomatch/-/picomatch-2.2.3.tgz",
			"integrity": "sha512-KpELjfwcCDUb9PeigTs2mBJzXUPzAuP2oPcA989He8Rte0+YUAjw1JVedDhuTKPkHjSYzMN3npC9luThGYEKdg=="
		},
		"readdirp": {
			"version": "3.5.0",
			"resolved": "https://registry.npmjs.org/readdirp/-/readdirp-3.5.0.tgz",
			"integrity": "sha512-cMhu7c/8rdhkHXWsY+osBhfSy0JikwpHK/5+imo+LpeasTF8ouErHrlYkwT0++njiyuDvc7OFY5T3ukvZ8qmFQ==",
			"requires": {
				"picomatch": "^2.2.1"
			}
		},
		"semver": {
			"version": "7.3.4",
			"resolved": "https://registry.npmjs.org/semver/-/semver-7.3.4.tgz",
			"integrity": "sha512-tCfb2WLjqFAtXn4KEdxIhalnRtoKFN7nAwj0B3ZXCbQloV2tq5eDbcTmT68JJD3nRJq24/XgxtQKFIpQdtvmVw==",
			"requires": {
				"lru-cache": "^6.0.0"
			},
			"dependencies": {
				"lru-cache": {
					"version": "6.0.0",
					"resolved": "https://registry.npmjs.org/lru-cache/-/lru-cache-6.0.0.tgz",
					"integrity": "sha512-Jo6dJ04CmSjuznwJSS3pUeWmd/H0ffTlkXXgwZi+eq1UCmqQwCh+eLsYOYCwY991i2Fah4h1BEMCx4qThGbsiA==",
					"requires": {
						"yallist": "^4.0.0"
					}
				},
				"yallist": {
					"version": "4.0.0",
					"resolved": "https://registry.npmjs.org/yallist/-/yallist-4.0.0.tgz",
					"integrity": "sha512-3wdGidZyq5PB084XLES5TpOSRA3wjXAlIWMhum2kRcv/41Sn2emQ0dycQW4uZXLejwKvg6EsvbdlVL+FYEct7A=="
				}
			}
		},
		"sprintf-js": {
			"version": "1.0.3",
			"resolved": "https://registry.npmjs.org/sprintf-js/-/sprintf-js-1.0.3.tgz",
			"integrity": "sha1-BOaSb2YolTVPPdAVIDYzuFcpfiw="
		},
		"to-regex-range": {
			"version": "5.0.1",
			"resolved": "https://registry.npmjs.org/to-regex-range/-/to-regex-range-5.0.1.tgz",
			"integrity": "sha512-65P7iz6X5yEr1cwcgvQxbbIw7Uk3gOy5dIdtZ4rDveLqhrdJP+Li/Hx6tyK0NEb+2GCyneCMJiGqrADCSNk8sQ==",
			"requires": {
				"is-number": "^7.0.0"
			}
		}
	}
}
